
Microsoft Visual Studio Solution File, Format Version 12.00
# Visual Studio Version 17
VisualStudioVersion = 17.5.002.0
MinimumVisualStudioVersion = 10.0.40219.1
Project("{9A19103F-16F7-4668-BE54-9A1E7A4F7556}") = "Erupción LINQ", "Erupción LINQ.csproj", "{DBA5E6D3-1130-44FA-AF9A-C747DAAFF200}"
EndProject
Global
	GlobalSection(SolutionConfigurationPlatforms) = preSolution
		Debug|Any CPU = Debug|Any CPU
		Release|Any CPU = Release|Any CPU
	EndGlobalSection
	GlobalSection(ProjectConfigurationPlatforms) = postSolution
		{DBA5E6D3-1130-44FA-AF9A-C747DAAFF200}.Debug|Any CPU.ActiveCfg = Debug|Any CPU
		{DBA5E6D3-1130-44FA-AF9A-C747DAAFF200}.Debug|Any CPU.Build.0 = Debug|Any CPU
		{DBA5E6D3-1130-44FA-AF9A-C747DAAFF200}.Release|Any CPU.ActiveCfg = Release|Any CPU
		{DBA5E6D3-1130-44FA-AF9A-C747DAAFF200}.Release|Any CPU.Build.0 = Release|Any CPU
	EndGlobalSection
	GlobalSection(SolutionProperties) = preSolution
		HideSolutionNode = FALSE
	EndGlobalSection
	GlobalSection(ExtensibilityGlobals) = postSolution
		SolutionGuid = {CE9BDDD5-2781-404E-933B-0B189CB32908}
	EndGlobalSection
EndGlobal
